
Microsoft Visual Studio Solution File, Format Version 12.00
# Visual Studio Version 17
VisualStudioVersion = 17.4.33205.214
MinimumVisualStudioVersion = 10.0.40219.1
Project("{9A19103F-16F7-4668-BE54-9A1E7A4F7556}") = "E_Shop", "E_Shop\E_Shop.csproj", "{002376F9-69BD-4088-89DF-5CAFB301C514}"
EndProject
Global
	GlobalSection(SolutionConfigurationPlatforms) = preSolution
		Debug|Any CPU = Debug|Any CPU
		Release|Any CPU = Release|Any CPU
	EndGlobalSection
	GlobalSection(ProjectConfigurationPlatforms) = postSolution
		{002376F9-69BD-4088-89DF-5CAFB301C514}.Debug|Any CPU.ActiveCfg = Debug|Any CPU
		{002376F9-69BD-4088-89DF-5CAFB301C514}.Debug|Any CPU.Build.0 = Debug|Any CPU
		{002376F9-69BD-4088-89DF-5CAFB301C514}.Release|Any CPU.ActiveCfg = Release|Any CPU
		{002376F9-69BD-4088-89DF-5CAFB301C514}.Release|Any CPU.Build.0 = Release|Any CPU
	EndGlobalSection
	GlobalSection(SolutionProperties) = preSolution
		HideSolutionNode = FALSE
	EndGlobalSection
	GlobalSection(ExtensibilityGlobals) = postSolution
		SolutionGuid = {84578AC8-C6D6-4ED4-8A2D-934D564636A7}
	EndGlobalSection
EndGlobal
